// !$*UTF8*$!
{
	archiveVersion = 1;
	classes = {
	};
	objectVersion = 77;
	objects = {

/* Begin PBXContainerItemProxy section */
		B316EC062D3454C100205805 /* PBXContainerItemProxy */ = {
			isa = PBXContainerItemProxy;
			containerPortal = B316EBED2D3454C000205805 /* Project object */;
			proxyType = 1;
			remoteGlobalIDString = B316EBF42D3454C000205805;
			remoteInfo = SwiTut25;
		};
		B316EC102D3454C100205805 /* PBXContainerItemProxy */ = {
			isa = PBXContainerItemProxy;
			containerPortal = B316EBED2D3454C000205805 /* Project object */;
			proxyType = 1;
			remoteGlobalIDString = B316EBF42D3454C000205805;
			remoteInfo = SwiTut25;
		};
/* End PBXContainerItemProxy section */

/* Begin PBXFileReference section */
		B316EBF52D3454C000205805 /* SwiTut25.app */ = {isa = PBXFileReference; explicitFileType = wrapper.application; includeInIndex = 0; path = SwiTut25.app; sourceTree = BUILT_PRODUCTS_DIR; };
		B316EC052D3454C100205805 /* SwiTut25Tests.xctest */ = {isa = PBXFileReference; explicitFileType = wrapper.cfbundle; includeInIndex = 0; path = SwiTut25Tests.xctest; sourceTree = BUILT_PRODUCTS_DIR; };
		B316EC0F2D3454C100205805 /* SwiTut25UITests.xctest */ = {isa = PBXFileReference; explicitFileType = wrapper.cfbundle; includeInIndex = 0; path = SwiTut25UITests.xctest; sourceTree = BUILT_PRODUCTS_DIR; };
/* End PBXFileReference section */

/* Begin PBXFileSystemSynchronizedRootGroup section */
		B316EBF72D3454C000205805 /* SwiTut25 */ = {
			isa = PBXFileSystemSynchronizedRootGroup;
			path = SwiTut25;
			sourceTree = "<group>";
		};
		B316EC082D3454C100205805 /* SwiTut25Tests */ = {
			isa = PBXFileSystemSynchronizedRootGroup;
			path = SwiTut25Tests;
			sourceTree = "<group>";
		};
		B316EC122D3454C100205805 /* SwiTut25UITests */ = {
			isa = PBXFileSystemSynchronizedRootGroup;
			path = SwiTut25UITests;
			sourceTree = "<group>";
		};
/* End PBXFileSystemSynchronizedRootGroup section */

/* Begin PBXFrameworksBuildPhase section */
		B316EBF22D3454C000205805 /* Frameworks */ = {
			isa = PBXFrameworksBuildPhase;
			buildActionMask = 2147483647;
			files = (
			);
			runOnlyForDeploymentPostprocessing = 0;
		};
		B316EC022D3454C100205805 /* Frameworks */ = {
			isa = PBXFrameworksBuildPhase;
			buildActionMask = 2147483647;
			files = (
			);
			runOnlyForDeploymentPostprocessing = 0;
		};
		B316EC0C2D3454C100205805 /* Frameworks */ = {
			isa = PBXFrameworksBuildPhase;
			buildActionMask = 2147483647;
			files = (
			);
			runOnlyForDeploymentPostprocessing = 0;
		};
/* End PBXFrameworksBuildPhase section */

/* Begin PBXGroup section */
		B316EBEC2D3454C000205805 = {
			isa = PBXGroup;
			children = (
				B316EBF72D3454C000205805 /* SwiTut25 */,
				B316EC082D3454C100205805 /* SwiTut25Tests */,
				B316EC122D3454C100205805 /* SwiTut25UITests */,
				B316EBF62D3454C000205805 /* Products */,
			);
			sourceTree = "<group>";
		};
		B316EBF62D3454C000205805 /* Products */ = {
			isa = PBXGroup;
			children = (
				B316EBF52D3454C000205805 /* SwiTut25.app */,
				B316EC052D3454C100205805 /* SwiTut25Tests.xctest */,
				B316EC0F2D3454C100205805 /* SwiTut25UITests.xctest */,
			);
			name = Products;
			sourceTree = "<group>";
		};
/* End PBXGroup section */

/* Begin PBXNativeTarget section */
		B316EBF42D3454C000205805 /* SwiTut25 */ = {
			isa = PBXNativeTarget;
			buildConfigurationList = B316EC192D3454C100205805 /* Build configuration list for PBXNativeTarget "SwiTut25" */;
			buildPhases = (
				B316EBF12D3454C000205805 /* Sources */,
				B316EBF22D3454C000205805 /* Frameworks */,
				B316EBF32D3454C000205805 /* Resources */,
			);
			buildRules = (
			);
			dependencies = (
			);
			fileSystemSynchronizedGroups = (
				B316EBF72D3454C000205805 /* SwiTut25 */,
			);
			name = SwiTut25;
			packageProductDependencies = (
			);
			productName = SwiTut25;
			productReference = B316EBF52D3454C000205805 /* SwiTut25.app */;
			productType = "com.apple.product-type.application";
		};
		B316EC042D3454C100205805 /* SwiTut25Tests */ = {
			isa = PBXNativeTarget;
			buildConfigurationList = B316EC1C2D3454C100205805 /* Build configuration list for PBXNativeTarget "SwiTut25Tests" */;
			buildPhases = (
				B316EC012D3454C100205805 /* Sources */,
				B316EC022D3454C100205805 /* Frameworks */,
				B316EC032D3454C100205805 /* Resources */,
			);
			buildRules = (
			);
			dependencies = (
				B316EC072D3454C100205805 /* PBXTargetDependency */,
			);
			fileSystemSynchronizedGroups = (
				B316EC082D3454C100205805 /* SwiTut25Tests */,
			);
			name = SwiTut25Tests;
			packageProductDependencies = (
			);
			productName = SwiTut25Tests;
			productReference = B316EC052D3454C100205805 /* SwiTut25Tests.xctest */;
			productType = "com.apple.product-type.bundle.unit-test";
		};
		B316EC0E2D3454C100205805 /* SwiTut25UITests */ = {
			isa = PBXNativeTarget;
			buildConfigurationList = B316EC1F2D3454C100205805 /* Build configuration list for PBXNativeTarget "SwiTut25UITests" */;
			buildPhases = (
				B316EC0B2D3454C100205805 /* Sources */,
				B316EC0C2D3454C100205805 /* Frameworks */,
				B316EC0D2D3454C100205805 /* Resources */,
			);
			buildRules = (
			);
			dependencies = (
				B316EC112D3454C100205805 /* PBXTargetDependency */,
			);
			fileSystemSynchronizedGroups = (
				B316EC122D3454C100205805 /* SwiTut25UITests */,
			);
			name = SwiTut25UITests;
			packageProductDependencies = (
			);
			productName = SwiTut25UITests;
			productReference = B316EC0F2D3454C100205805 /* SwiTut25UITests.xctest */;
			productType = "com.apple.product-type.bundle.ui-testing";
		};
/* End PBXNativeTarget section */

/* Begin PBXProject section */
		B316EBED2D3454C000205805 /* Project object */ = {
			isa = PBXProject;
			attributes = {
				BuildIndependentTargetsInParallel = 1;
				LastSwiftUpdateCheck = 1620;
				LastUpgradeCheck = 1620;
				TargetAttributes = {
					B316EBF42D3454C000205805 = {
						CreatedOnToolsVersion = 16.2;
					};
					B316EC042D3454C100205805 = {
						CreatedOnToolsVersion = 16.2;
						TestTargetID = B316EBF42D3454C000205805;
					};
					B316EC0E2D3454C100205805 = {
						CreatedOnToolsVersion = 16.2;
						TestTargetID = B316EBF42D3454C000205805;
					};
				};
			};
			buildConfigurationList = B316EBF02D3454C000205805 /* Build configuration list for PBXProject "SwiTut25" */;
			developmentRegion = en;
			hasScannedForEncodings = 0;
			knownRegions = (
				en,
				Base,
			);
			mainGroup = B316EBEC2D3454C000205805;
			minimizedProjectReferenceProxies = 1;
			preferredProjectObjectVersion = 77;
			productRefGroup = B316EBF62D3454C000205805 /* Products */;
			projectDirPath = "";
			projectRoot = "";
			targets = (
				B316EBF42D3454C000205805 /* SwiTut25 */,
				B316EC042D3454C100205805 /* SwiTut25Tests */,
				B316EC0E2D3454C100205805 /* SwiTut25UITests */,
			);
		};
/* End PBXProject section */

/* Begin PBXResourcesBuildPhase section */
		B316EBF32D3454C000205805 /* Resources */ = {
			isa = PBXResourcesBuildPhase;
			buildActionMask = 2147483647;
			files = (
			);
			runOnlyForDeploymentPostprocessing = 0;
		};
		B316EC032D3454C100205805 /* Resources */ = {
			isa = PBXResourcesBuildPhase;
			buildActionMask = 2147483647;
			files = (
			);
			runOnlyForDeploymentPostprocessing = 0;
		};
		B316EC0D2D3454C100205805 /* Resources */ = {
			isa = PBXResourcesBuildPhase;
			buildActionMask = 2147483647;
			files = (
			);
			runOnlyForDeploymentPostprocessing = 0;
		};
/* End PBXResourcesBuildPhase section */

/* Begin PBXSourcesBuildPhase section */
		B316EBF12D3454C000205805 /* Sources */ = {
			isa = PBXSourcesBuildPhase;
			buildActionMask = 2147483647;
			files = (
			);
			runOnlyForDeploymentPostprocessing = 0;
		};
		B316EC012D3454C100205805 /* Sources */ = {
			isa = PBXSourcesBuildPhase;
			buildActionMask = 2147483647;
			files = (
			);
			runOnlyForDeploymentPostprocessing = 0;
		};
		B316EC0B2D3454C100205805 /* Sources */ = {
			isa = PBXSourcesBuildPhase;
			buildActionMask = 2147483647;
			files = (
			);
			runOnlyForDeploymentPostprocessing = 0;
		};
/* End PBXSourcesBuildPhase section */

/* Begin PBXTargetDependency section */
		B316EC072D3454C100205805 /* PBXTargetDependency */ = {
			isa = PBXTargetDependency;
			target = B316EBF42D3454C000205805 /* SwiTut25 */;
			targetProxy = B316EC062D3454C100205805 /* PBXContainerItemProxy */;
		};
		B316EC112D3454C100205805 /* PBXTargetDependency */ = {
			isa = PBXTargetDependency;
			target = B316EBF42D3454C000205805 /* SwiTut25 */;
			targetProxy = B316EC102D3454C100205805 /* PBXContainerItemProxy */;
		};
/* End PBXTargetDependency section */

/* Begin XCBuildConfiguration section */
		B316EC172D3454C100205805 /* Debug */ = {
			isa = XCBuildConfiguration;
			buildSettings = {
				ALWAYS_SEARCH_USER_PATHS = NO;
				ASSETCATALOG_COMPILER_GENERATE_SWIFT_ASSET_SYMBOL_EXTENSIONS = YES;
				CLANG_ANALYZER_NONNULL = YES;
				CLANG_ANALYZER_NUMBER_OBJECT_CONVERSION = YES_AGGRESSIVE;
				CLANG_CXX_LANGUAGE_STANDARD = "gnu++20";
				CLANG_ENABLE_MODULES = YES;
				CLANG_ENABLE_OBJC_ARC = YES;
				CLANG_ENABLE_OBJC_WEAK = YES;
				CLANG_WARN_BLOCK_CAPTURE_AUTORELEASING = YES;
				CLANG_WARN_BOOL_CONVERSION = YES;
				CLANG_WARN_COMMA = YES;
				CLANG_WARN_CONSTANT_CONVERSION = YES;
				CLANG_WARN_DEPRECATED_OBJC_IMPLEMENTATIONS = YES;
				CLANG_WARN_DIRECT_OBJC_ISA_USAGE = YES_ERROR;
				CLANG_WARN_DOCUMENTATION_COMMENTS = YES;
				CLANG_WARN_EMPTY_BODY = YES;
				CLANG_WARN_ENUM_CONVERSION = YES;
				CLANG_WARN_INFINITE_RECURSION = YES;
				CLANG_WARN_INT_CONVERSION = YES;
				CLANG_WARN_NON_LITERAL_NULL_CONVERSION = YES;
				CLANG_WARN_OBJC_IMPLICIT_RETAIN_SELF = YES;
				CLANG_WARN_OBJC_LITERAL_CONVERSION = YES;
				CLANG_WARN_OBJC_ROOT_CLASS = YES_ERROR;
				CLANG_WARN_QUOTED_INCLUDE_IN_FRAMEWORK_HEADER = YES;
				CLANG_WARN_RANGE_LOOP_ANALYSIS = YES;
				CLANG_WARN_STRICT_PROTOTYPES = YES;
				CLANG_WARN_SUSPICIOUS_MOVE = YES;
				CLANG_WARN_UNGUARDED_AVAILABILITY = YES_AGGRESSIVE;
				CLANG_WARN_UNREACHABLE_CODE = YES;
				CLANG_WARN__DUPLICATE_METHOD_MATCH = YES;
				COPY_PHASE_STRIP = NO;
				DEBUG_INFORMATION_FORMAT = dwarf;
				ENABLE_STRICT_OBJC_MSGSEND = YES;
				ENABLE_TESTABILITY = YES;
				ENABLE_USER_SCRIPT_SANDBOXING = YES;
				GCC_C_LANGUAGE_STANDARD = gnu17;
				GCC_DYNAMIC_NO_PIC = NO;
				GCC_NO_COMMON_BLOCKS = YES;
				GCC_OPTIMIZATION_LEVEL = 0;
				GCC_PREPROCESSOR_DEFINITIONS = (
					"DEBUG=1",
					"$(inherited)",
				);
				GCC_WARN_64_TO_32_BIT_CONVERSION = YES;
				GCC_WARN_ABOUT_RETURN_TYPE = YES_ERROR;
				GCC_WARN_UNDECLARED_SELECTOR = YES;
				GCC_WARN_UNINITIALIZED_AUTOS = YES_AGGRESSIVE;
				GCC_WARN_UNUSED_FUNCTION = YES;
				GCC_WARN_UNUSED_VARIABLE = YES;
				IPHONEOS_DEPLOYMENT_TARGET = 18.2;
				LOCALIZATION_PREFERS_STRING_CATALOGS = YES;
				MTL_ENABLE_DEBUG_INFO = INCLUDE_SOURCE;
				MTL_FAST_MATH = YES;
				ONLY_ACTIVE_ARCH = YES;
				SDKROOT = iphoneos;
				SWIFT_ACTIVE_COMPILATION_CONDITIONS = "DEBUG $(inherited)";
				SWIFT_OPTIMIZATION_LEVEL = "-Onone";
			};
			name = Debug;
		};
		B316EC182D3454C100205805 /* Release */ = {
			isa = XCBuildConfiguration;
			buildSettings = {
				ALWAYS_SEARCH_USER_PATHS = NO;
				ASSETCATALOG_COMPILER_GENERATE_SWIFT_ASSET_SYMBOL_EXTENSIONS = YES;
				CLANG_ANALYZER_NONNULL = YES;
				CLANG_ANALYZER_NUMBER_OBJECT_CONVERSION = YES_AGGRESSIVE;
				CLANG_CXX_LANGUAGE_STANDARD = "gnu++20";
				CLANG_ENABLE_MODULES = YES;
				CLANG_ENABLE_OBJC_ARC = YES;
				CLANG_ENABLE_OBJC_WEAK = YES;
				CLANG_WARN_BLOCK_CAPTURE_AUTORELEASING = YES;
				CLANG_WARN_BOOL_CONVERSION = YES;
				CLANG_WARN_COMMA = YES;
				CLANG_WARN_CONSTANT_CONVERSION = YES;
				CLANG_WARN_DEPRECATED_OBJC_IMPLEMENTATIONS = YES;
				CLANG_WARN_DIRECT_OBJC_ISA_USAGE = YES_ERROR;
				CLANG_WARN_DOCUMENTATION_COMMENTS = YES;
				CLANG_WARN_EMPTY_BODY = YES;
				CLANG_WARN_ENUM_CONVERSION = YES;
				CLANG_WARN_INFINITE_RECURSION = YES;
				CLANG_WARN_INT_CONVERSION = YES;
				CLANG_WARN_NON_LITERAL_NULL_CONVERSION = YES;
				CLANG_WARN_OBJC_IMPLICIT_RETAIN_SELF = YES;
				CLANG_WARN_OBJC_LITERAL_CONVERSION = YES;
				CLANG_WARN_OBJC_ROOT_CLASS = YES_ERROR;
				CLANG_WARN_QUOTED_INCLUDE_IN_FRAMEWORK_HEADER = YES;
				CLANG_WARN_RANGE_LOOP_ANALYSIS = YES;
				CLANG_WARN_STRICT_PROTOTYPES = YES;
				CLANG_WARN_SUSPICIOUS_MOVE = YES;
				CLANG_WARN_UNGUARDED_AVAILABILITY = YES_AGGRESSIVE;
				CLANG_WARN_UNREACHABLE_CODE = YES;
				CLANG_WARN__DUPLICATE_METHOD_MATCH = YES;
				COPY_PHASE_STRIP = NO;
				DEBUG_INFORMATION_FORMAT = "dwarf-with-dsym";
				ENABLE_NS_ASSERTIONS = NO;
				ENABLE_STRICT_OBJC_MSGSEND = YES;
				ENABLE_USER_SCRIPT_SANDBOXING = YES;
				GCC_C_LANGUAGE_STANDARD = gnu17;
				GCC_NO_COMMON_BLOCKS = YES;
				GCC_WARN_64_TO_32_BIT_CONVERSION = YES;
				GCC_WARN_ABOUT_RETURN_TYPE = YES_ERROR;
				GCC_WARN_UNDECLARED_SELECTOR = YES;
				GCC_WARN_UNINITIALIZED_AUTOS = YES_AGGRESSIVE;
				GCC_WARN_UNUSED_FUNCTION = YES;
				GCC_WARN_UNUSED_VARIABLE = YES;
				IPHONEOS_DEPLOYMENT_TARGET = 18.2;
				LOCALIZATION_PREFERS_STRING_CATALOGS = YES;
				MTL_ENABLE_DEBUG_INFO = NO;
				MTL_FAST_MATH = YES;
				SDKROOT = iphoneos;
				SWIFT_COMPILATION_MODE = wholemodule;
				VALIDATE_PRODUCT = YES;
			};
			name = Release;
		};
		B316EC1A2D3454C100205805 /* Debug */ = {
			isa = XCBuildConfiguration;
			buildSettings = {
				ASSETCATALOG_COMPILER_APPICON_NAME = AppIcon;
				ASSETCATALOG_COMPILER_GLOBAL_ACCENT_COLOR_NAME = AccentColor;
				CODE_SIGN_STYLE = Automatic;
				CURRENT_PROJECT_VERSION = 1;
				DEVELOPMENT_ASSET_PATHS = "\"SwiTut25/Preview Content\"";
				DEVELOPMENT_TEAM = KEREUNR88P;
				ENABLE_PREVIEWS = YES;
				GENERATE_INFOPLIST_FILE = YES;
				INFOPLIST_KEY_CFBundleDisplayName = SwiTut25;
				INFOPLIST_KEY_UIApplicationSceneManifest_Generation = YES;
				INFOPLIST_KEY_UIApplicationSupportsIndirectInputEvents = YES;
				INFOPLIST_KEY_UILaunchScreen_Generation = YES;
				INFOPLIST_KEY_UISupportedInterfaceOrientations_iPad = "UIInterfaceOrientationPortrait UIInterfaceOrientationPortraitUpsideDown UIInterfaceOrientationLandscapeLeft UIInterfaceOrientationLandscapeRight";
				INFOPLIST_KEY_UISupportedInterfaceOrientations_iPhone = "UIInterfaceOrientationPortrait UIInterfaceOrientationLandscapeLeft UIInterfaceOrientationLandscapeRight";
				LD_RUNPATH_SEARCH_PATHS = (
					"$(inherited)",
					"@executable_path/Frameworks",
				);
				MARKETING_VERSION = 1.0;
				PRODUCT_BUNDLE_IDENTIFIER = com.teddyscottage.SwiTut25;
				PRODUCT_NAME = "$(TARGET_NAME)";
				SWIFT_EMIT_LOC_STRINGS = YES;
				SWIFT_VERSION = 5.0;
				TARGETED_DEVICE_FAMILY = "1,2";
			};
			name = Debug;
		};
		B316EC1B2D3454C100205805 /* Release */ = {
			isa = XCBuildConfiguration;
			buildSettings = {
				ASSETCATALOG_COMPILER_APPICON_NAME = AppIcon;
				ASSETCATALOG_COMPILER_GLOBAL_ACCENT_COLOR_NAME = AccentColor;
				CODE_SIGN_STYLE = Automatic;
				CURRENT_PROJECT_VERSION = 1;
				DEVELOPMENT_ASSET_PATHS = "\"SwiTut25/Preview Content\"";
				DEVELOPMENT_TEAM = KEREUNR88P;
				ENABLE_PREVIEWS = YES;
				GENERATE_INFOPLIST_FILE = YES;
				INFOPLIST_KEY_CFBundleDisplayName = SwiTut25;
				INFOPLIST_KEY_UIApplicationSceneManifest_Generation = YES;
				INFOPLIST_KEY_UIApplicationSupportsIndirectInputEvents = YES;
				INFOPLIST_KEY_UILaunchScreen_Generation = YES;
				INFOPLIST_KEY_UISupportedInterfaceOrientations_iPad = "UIInterfaceOrientationPortrait UIInterfaceOrientationPortraitUpsideDown UIInterfaceOrientationLandscapeLeft UIInterfaceOrientationLandscapeRight";
				INFOPLIST_KEY_UISupportedInterfaceOrientations_iPhone = "UIInterfaceOrientationPortrait UIInterfaceOrientationLandscapeLeft UIInterfaceOrientationLandscapeRight";
				LD_RUNPATH_SEARCH_PATHS = (
					"$(inherited)",
					"@executable_path/Frameworks",
				);
				MARKETING_VERSION = 1.0;
				PRODUCT_BUNDLE_IDENTIFIER = com.teddyscottage.SwiTut25;
				PRODUCT_NAME = "$(TARGET_NAME)";
				SWIFT_EMIT_LOC_STRINGS = YES;
				SWIFT_VERSION = 5.0;
				TARGETED_DEVICE_FAMILY = "1,2";
			};
			name = Release;
		};
		B316EC1D2D3454C100205805 /* Debug */ = {
			isa = XCBuildConfiguration;
			buildSettings = {
				BUNDLE_LOADER = "$(TEST_HOST)";
				CODE_SIGN_STYLE = Automatic;
				CURRENT_PROJECT_VERSION = 1;
				DEVELOPMENT_TEAM = KEREUNR88P;
				GENERATE_INFOPLIST_FILE = YES;
				IPHONEOS_DEPLOYMENT_TARGET = 18.2;
				MARKETING_VERSION = 1.0;
				PRODUCT_BUNDLE_IDENTIFIER = com.teddyscottage.SwiTut25Tests;
				PRODUCT_NAME = "$(TARGET_NAME)";
				SWIFT_EMIT_LOC_STRINGS = NO;
				SWIFT_VERSION = 5.0;
				TARGETED_DEVICE_FAMILY = "1,2";
				TEST_HOST = "$(BUILT_PRODUCTS_DIR)/SwiTut25.app/$(BUNDLE_EXECUTABLE_FOLDER_PATH)/SwiTut25";
			};
			name = Debug;
		};
		B316EC1E2D3454C100205805 /* Release */ = {
			isa = XCBuildConfiguration;
			buildSettings = {
				BUNDLE_LOADER = "$(TEST_HOST)";
				CODE_SIGN_STYLE = Automatic;
				CURRENT_PROJECT_VERSION = 1;
				DEVELOPMENT_TEAM = KEREUNR88P;
				GENERATE_INFOPLIST_FILE = YES;
				IPHONEOS_DEPLOYMENT_TARGET = 18.2;
				MARKETING_VERSION = 1.0;
				PRODUCT_BUNDLE_IDENTIFIER = com.teddyscottage.SwiTut25Tests;
				PRODUCT_NAME = "$(TARGET_NAME)";
				SWIFT_EMIT_LOC_STRINGS = NO;
				SWIFT_VERSION = 5.0;
				TARGETED_DEVICE_FAMILY = "1,2";
				TEST_HOST = "$(BUILT_PRODUCTS_DIR)/SwiTut25.app/$(BUNDLE_EXECUTABLE_FOLDER_PATH)/SwiTut25";
			};
			name = Release;
		};
		B316EC202D3454C100205805 /* Debug */ = {
			isa = XCBuildConfiguration;
			buildSettings = {
				CODE_SIGN_STYLE = Automatic;
				CURRENT_PROJECT_VERSION = 1;
				DEVELOPMENT_TEAM = KEREUNR88P;
				GENERATE_INFOPLIST_FILE = YES;
				MARKETING_VERSION = 1.0;
				PRODUCT_BUNDLE_IDENTIFIER = com.teddyscottage.SwiTut25UITests;
				PRODUCT_NAME = "$(TARGET_NAME)";
				SWIFT_EMIT_LOC_STRINGS = NO;
				SWIFT_VERSION = 5.0;
				TARGETED_DEVICE_FAMILY = "1,2";
				TEST_TARGET_NAME = SwiTut25;
			};
			name = Debug;
		};
		B316EC212D3454C100205805 /* Release */ = {
			isa = XCBuildConfiguration;
			buildSettings = {
				CODE_SIGN_STYLE = Automatic;
				CURRENT_PROJECT_VERSION = 1;
				DEVELOPMENT_TEAM = KEREUNR88P;
				GENERATE_INFOPLIST_FILE = YES;
				MARKETING_VERSION = 1.0;
				PRODUCT_BUNDLE_IDENTIFIER = com.teddyscottage.SwiTut25UITests;
				PRODUCT_NAME = "$(TARGET_NAME)";
				SWIFT_EMIT_LOC_STRINGS = NO;
				SWIFT_VERSION = 5.0;
				TARGETED_DEVICE_FAMILY = "1,2";
				TEST_TARGET_NAME = SwiTut25;
			};
			name = Release;
		};
/* End XCBuildConfiguration section */

/* Begin XCConfigurationList section */
		B316EBF02D3454C000205805 /* Build configuration list for PBXProject "SwiTut25" */ = {
			isa = XCConfigurationList;
			buildConfigurations = (
				B316EC172D3454C100205805 /* Debug */,
				B316EC182D3454C100205805 /* Release */,
			);
			defaultConfigurationIsVisible = 0;
			defaultConfigurationName = Release;
		};
		B316EC192D3454C100205805 /* Build configuration list for PBXNativeTarget "SwiTut25" */ = {
			isa = XCConfigurationList;
			buildConfigurations = (
				B316EC1A2D3454C100205805 /* Debug */,
				B316EC1B2D3454C100205805 /* Release */,
			);
			defaultConfigurationIsVisible = 0;
			defaultConfigurationName = Release;
		};
		B316EC1C2D3454C100205805 /* Build configuration list for PBXNativeTarget "SwiTut25Tests" */ = {
			isa = XCConfigurationList;
			buildConfigurations = (
				B316EC1D2D3454C100205805 /* Debug */,
				B316EC1E2D3454C100205805 /* Release */,
			);
			defaultConfigurationIsVisible = 0;
			defaultConfigurationName = Release;
		};
		B316EC1F2D3454C100205805 /* Build configuration list for PBXNativeTarget "SwiTut25UITests" */ = {
			isa = XCConfigurationList;
			buildConfigurations = (
				B316EC202D3454C100205805 /* Debug */,
				B316EC212D3454C100205805 /* Release */,
			);
			defaultConfigurationIsVisible = 0;
			defaultConfigurationName = Release;
		};
/* End XCConfigurationList section */
	};
	rootObject = B316EBED2D3454C000205805 /* Project object */;
}
